
Microsoft Visual Studio Solution File, Format Version 12.00
# Visual Studio Version 16
VisualStudioVersion = 16.0.31624.102
MinimumVisualStudioVersion = 10.0.40219.1
Project("{FAE04EC0-301F-11D3-BF4B-00C04F79EFBC}") = "Constant", "Constant\Constant.csproj", "{A7A4068F-56CF-43E7-93FE-3D197C1263FB}"
EndProject
Global
	GlobalSection(SolutionConfigurationPlatforms) = preSolution
		Debug|Any CPU = Debug|Any CPU
		Release|Any CPU = Release|Any CPU
	EndGlobalSection
	GlobalSection(ProjectConfigurationPlatforms) = postSolution
		{A7A4068F-56CF-43E7-93FE-3D197C1263FB}.Debug|Any CPU.ActiveCfg = Debug|Any CPU
		{A7A4068F-56CF-43E7-93FE-3D197C1263FB}.Debug|Any CPU.Build.0 = Debug|Any CPU
		{A7A4068F-56CF-43E7-93FE-3D197C1263FB}.Release|Any CPU.ActiveCfg = Release|Any CPU
		{A7A4068F-56CF-43E7-93FE-3D197C1263FB}.Release|Any CPU.Build.0 = Release|Any CPU
	EndGlobalSection
	GlobalSection(SolutionProperties) = preSolution
		HideSolutionNode = FALSE
	EndGlobalSection
	GlobalSection(ExtensibilityGlobals) = postSolution
		SolutionGuid = {4F4E6CB6-FBA3-4E14-BBC0-FEE499C7A068}
	EndGlobalSection
EndGlobal
