
Microsoft Visual Studio Solution File, Format Version 12.00
# Visual Studio Version 16
VisualStudioVersion = 16.0.31624.102
MinimumVisualStudioVersion = 10.0.40219.1
Project("{FAE04EC0-301F-11D3-BF4B-00C04F79EFBC}") = "AS_IS_Operator", "AS_IS_Operator\AS_IS_Operator.csproj", "{364E607E-1664-44AD-95A4-878110E8F3A2}"
EndProject
Global
	GlobalSection(SolutionConfigurationPlatforms) = preSolution
		Debug|Any CPU = Debug|Any CPU
		Release|Any CPU = Release|Any CPU
	EndGlobalSection
	GlobalSection(ProjectConfigurationPlatforms) = postSolution
		{364E607E-1664-44AD-95A4-878110E8F3A2}.Debug|Any CPU.ActiveCfg = Debug|Any CPU
		{364E607E-1664-44AD-95A4-878110E8F3A2}.Debug|Any CPU.Build.0 = Debug|Any CPU
		{364E607E-1664-44AD-95A4-878110E8F3A2}.Release|Any CPU.ActiveCfg = Release|Any CPU
		{364E607E-1664-44AD-95A4-878110E8F3A2}.Release|Any CPU.Build.0 = Release|Any CPU
	EndGlobalSection
	GlobalSection(SolutionProperties) = preSolution
		HideSolutionNode = FALSE
	EndGlobalSection
	GlobalSection(ExtensibilityGlobals) = postSolution
		SolutionGuid = {3762AE0C-FFBA-4D17-BC9B-EEA9DB759AA1}
	EndGlobalSection
EndGlobal
